<Solution>
  <Folder Name="/Solution Items/">
    <File Path=".editorconfig" />
    <File Path="Directory.Packages.props" />
  </Folder>
  <Folder Name="/Tools/">
    <Project Path="Gallerai.Tools.SchemaExtractor/Gallerai.Tools.SchemaExtractor.csproj" Id="50d25ff4-dea2-414a-ae37-21693a562085" />
  </Folder>
  <Folder Name="/Workers/">
    <Project Path="Gallerai.Workers.InferenceWorker/Gallerai.Workers.InferenceWorker.csproj" />
  </Folder>
  <Project Path="docker-compose.dcproj">
    <Build />
  </Project>
  <Project Path="Gallerai.Application/Gallerai.Application.csproj" />
  <Project Path="Gallerai.Domain/Gallerai.Domain.csproj" />
  <Project Path="Gallerai.Infrastructure/Gallerai.Infrastructure.csproj" />
  <Project Path="Gallerai.SharedKernel/Gallerai.SharedKernel.csproj" />
  <Project Path="Gallerai.SourceGenerators/Gallerai.SourceGenerators.csproj" Id="3b079fac-e283-4a0e-b4c5-902a860a9ff6" />
  <Project Path="Gallerai.WebAPI/Gallerai.WebAPI.csproj" />
</Solution>
